
Microsoft Visual Studio Solution File, Format Version 12.00
# Visual Studio 15
VisualStudioVersion = 15.0.27428.2005
MinimumVisualStudioVersion = 10.0.40219.1
Project("{FAE04EC0-301F-11D3-BF4B-00C04F79EFBC}") = "ASPProject", "ASPProject\ASPProject.csproj", "{7D3E9492-B0A1-4DC4-9CB0-DA8FB1F0360C}"
EndProject
Global
	GlobalSection(SolutionConfigurationPlatforms) = preSolution
		Debug|Any CPU = Debug|Any CPU
		Release|Any CPU = Release|Any CPU
	EndGlobalSection
	GlobalSection(ProjectConfigurationPlatforms) = postSolution
		{7D3E9492-B0A1-4DC4-9CB0-DA8FB1F0360C}.Debug|Any CPU.ActiveCfg = Debug|Any CPU
		{7D3E9492-B0A1-4DC4-9CB0-DA8FB1F0360C}.Debug|Any CPU.Build.0 = Debug|Any CPU
		{7D3E9492-B0A1-4DC4-9CB0-DA8FB1F0360C}.Release|Any CPU.ActiveCfg = Release|Any CPU
		{7D3E9492-B0A1-4DC4-9CB0-DA8FB1F0360C}.Release|Any CPU.Build.0 = Release|Any CPU
	EndGlobalSection
	GlobalSection(SolutionProperties) = preSolution
		HideSolutionNode = FALSE
	EndGlobalSection
	GlobalSection(ExtensibilityGlobals) = postSolution
		SolutionGuid = {B17D1D80-5515-409C-9CDF-5A9C6472D0E3}
	EndGlobalSection
EndGlobal
